
Microsoft Visual Studio Solution File, Format Version 12.00
# Visual Studio Version 17
VisualStudioVersion = 17.10.34607.79
MinimumVisualStudioVersion = 10.0.40219.1
Project("{2150E333-8FDC-42A3-9474-1A3956D46DE8}") = "Solution Items", "Solution Items", "{E8B78C62-1D42-4D4B-AE60-0E96ABC67455}"
	ProjectSection(SolutionItems) = preProject
		.editorconfig = .editorconfig
	EndProjectSection
EndProject
Project("{9A19103F-16F7-4668-BE54-9A1E7A4F7556}") = "ShopAutomator", "ShopAutomator\ShopAutomator.csproj", "{D42C641B-D5D0-44EB-8BC5-A49A39FFCC4B}"
EndProject
Global
	GlobalSection(SolutionConfigurationPlatforms) = preSolution
		Debug|Any CPU = Debug|Any CPU
		Release|Any CPU = Release|Any CPU
	EndGlobalSection
	GlobalSection(ProjectConfigurationPlatforms) = postSolution
		{D42C641B-D5D0-44EB-8BC5-A49A39FFCC4B}.Debug|Any CPU.ActiveCfg = Debug|Any CPU
		{D42C641B-D5D0-44EB-8BC5-A49A39FFCC4B}.Debug|Any CPU.Build.0 = Debug|Any CPU
		{D42C641B-D5D0-44EB-8BC5-A49A39FFCC4B}.Release|Any CPU.ActiveCfg = Release|Any CPU
		{D42C641B-D5D0-44EB-8BC5-A49A39FFCC4B}.Release|Any CPU.Build.0 = Release|Any CPU
	EndGlobalSection
	GlobalSection(SolutionProperties) = preSolution
		HideSolutionNode = FALSE
	EndGlobalSection
	GlobalSection(ExtensibilityGlobals) = postSolution
		SolutionGuid = {29A97135-B639-43DD-9713-DB6832CEF731}
	EndGlobalSection
EndGlobal
